# @generated by Move, please check-in and do not edit manually.

[move]
version = 3
manifest_digest = "3BE0E0F543A981C4DAACBC53705AD96D92B2BCE3801BC686ACE1C8FE17E90F4D"
deps_digest = "F8BBB0CCB2491CA29A3DF03D6F92277A4F3574266507ACD77214D37ECA3F3082"
dependencies = [
  { id = "Sui", name = "Sui" },
]

[[move.package]]
id = "MoveStdlib"
source = { git = "https://github.com/MystenLabs/sui.git", rev = "framework/testnet", subdir = "crates/sui-framework/packages/move-stdlib" }

[[move.package]]
id = "Sui"
source = { git = "https://github.com/MystenLabs/sui.git", rev = "framework/testnet", subdir = "crates/sui-framework/packages/sui-framework" }

dependencies = [
  { id = "MoveStdlib", name = "MoveStdlib" },
]

[move.toolchain-version]
compiler-version = "1.61.1"
edition = "2024.beta"
flavor = "sui"

[env]

[env.testnet]
chain-id = "4c78adac"
original-published-id = "0xc1a38bead53093ca395a92ef7f8ac0a829c66d5f1253a7228bff02bb43e5b033"
latest-published-id = "0xc1a38bead53093ca395a92ef7f8ac0a829c66d5f1253a7228bff02bb43e5b033"
published-version = "1"
